
Microsoft Visual Studio Solution File, Format Version 12.00
# Visual Studio Version 17
VisualStudioVersion = 17.14.36915.13 d17.14
MinimumVisualStudioVersion = 10.0.40219.1
Project("{FAE04EC0-301F-11D3-BF4B-00C04F79EFBC}") = "WinFormsApp1", "WinFormsApp1\WinFormsApp1.csproj", "{FB5C48A1-083A-44C6-8D3C-B88A8942FDDE}"
EndProject
Global
	GlobalSection(SolutionConfigurationPlatforms) = preSolution
		Debug|Any CPU = Debug|Any CPU
		Release|Any CPU = Release|Any CPU
	EndGlobalSection
	GlobalSection(ProjectConfigurationPlatforms) = postSolution
		{FB5C48A1-083A-44C6-8D3C-B88A8942FDDE}.Debug|Any CPU.ActiveCfg = Debug|Any CPU
		{FB5C48A1-083A-44C6-8D3C-B88A8942FDDE}.Debug|Any CPU.Build.0 = Debug|Any CPU
		{FB5C48A1-083A-44C6-8D3C-B88A8942FDDE}.Release|Any CPU.ActiveCfg = Release|Any CPU
		{FB5C48A1-083A-44C6-8D3C-B88A8942FDDE}.Release|Any CPU.Build.0 = Release|Any CPU
	EndGlobalSection
	GlobalSection(SolutionProperties) = preSolution
		HideSolutionNode = FALSE
	EndGlobalSection
	GlobalSection(ExtensibilityGlobals) = postSolution
		SolutionGuid = {1656B776-5DA5-4E5C-BBF8-8D5136CDEF24}
	EndGlobalSection
EndGlobal
